{
    "_meta": {
        "hash": {
            "sha256": "10c5829c98c77db632ab1e5a5e64935d150d34c065136562787237e2d0a8ad47"
        },
        "pipfile-spec": 6,
        "requires": {
            "python_version": "3.6"
        },
        "sources": [
            {
                "name": "pypi",
                "url": "https://pypi.org/simple",
                "verify_ssl": true
            }
        ]
    },
    "default": {
        "automata": {
            "git": "https://github.com/automata-tech/eva_python_sdk.git",
            "ref": "73b1c47894cf432b340843f747cf757d827c9c6b"
        }
    },
    "develop": {}
}
